
Microsoft Visual Studio Solution File, Format Version 12.00
# Visual Studio Version 16
VisualStudioVersion = 16.0.29911.84
MinimumVisualStudioVersion = 10.0.40219.1
Project("{FAE04EC0-301F-11D3-BF4B-00C04F79EFBC}") = "FreshFruit", "FreshFruit\FreshFruit.csproj", "{D6A5674D-797F-42B3-88B6-6A3B81482DE0}"
EndProject
Global
	GlobalSection(SolutionConfigurationPlatforms) = preSolution
		Debug|Any CPU = Debug|Any CPU
		Release|Any CPU = Release|Any CPU
	EndGlobalSection
	GlobalSection(ProjectConfigurationPlatforms) = postSolution
		{D6A5674D-797F-42B3-88B6-6A3B81482DE0}.Debug|Any CPU.ActiveCfg = Debug|Any CPU
		{D6A5674D-797F-42B3-88B6-6A3B81482DE0}.Debug|Any CPU.Build.0 = Debug|Any CPU
		{D6A5674D-797F-42B3-88B6-6A3B81482DE0}.Release|Any CPU.ActiveCfg = Release|Any CPU
		{D6A5674D-797F-42B3-88B6-6A3B81482DE0}.Release|Any CPU.Build.0 = Release|Any CPU
	EndGlobalSection
	GlobalSection(SolutionProperties) = preSolution
		HideSolutionNode = FALSE
	EndGlobalSection
	GlobalSection(ExtensibilityGlobals) = postSolution
		SolutionGuid = {4A24A2B7-39FE-4457-92DC-9D8DEA909502}
	EndGlobalSection
EndGlobal
